
Microsoft Visual Studio Solution File, Format Version 12.00
# Visual Studio Version 17
VisualStudioVersion = 17.4.33213.308
MinimumVisualStudioVersion = 10.0.40219.1
Project("{FAE04EC0-301F-11D3-BF4B-00C04F79EFBC}") = "EmailSpammer3.0", "EmailSpammer3.0\EmailSpammer3.0.csproj", "{9AA4F241-900E-4134-A323-FB423603DA88}"
EndProject
Global
	GlobalSection(SolutionConfigurationPlatforms) = preSolution
		Debug|Any CPU = Debug|Any CPU
		Release|Any CPU = Release|Any CPU
	EndGlobalSection
	GlobalSection(ProjectConfigurationPlatforms) = postSolution
		{9AA4F241-900E-4134-A323-FB423603DA88}.Debug|Any CPU.ActiveCfg = Debug|Any CPU
		{9AA4F241-900E-4134-A323-FB423603DA88}.Debug|Any CPU.Build.0 = Debug|Any CPU
		{9AA4F241-900E-4134-A323-FB423603DA88}.Release|Any CPU.ActiveCfg = Release|Any CPU
		{9AA4F241-900E-4134-A323-FB423603DA88}.Release|Any CPU.Build.0 = Release|Any CPU
	EndGlobalSection
	GlobalSection(SolutionProperties) = preSolution
		HideSolutionNode = FALSE
	EndGlobalSection
	GlobalSection(ExtensibilityGlobals) = postSolution
		SolutionGuid = {E0FC2DC2-CBC7-4569-8E6E-26F9989EE9CB}
	EndGlobalSection
EndGlobal
